
Microsoft Visual Studio Solution File, Format Version 12.00
# Visual Studio 15
VisualStudioVersion = 15.0.28307.271
MinimumVisualStudioVersion = 10.0.40219.1
Project("{FAE04EC0-301F-11D3-BF4B-00C04F79EFBC}") = "userform", "userform\userform.csproj", "{F903DF83-5A88-4F02-A1E1-4E40E27235C6}"
EndProject
Global
	GlobalSection(SolutionConfigurationPlatforms) = preSolution
		Debug|Any CPU = Debug|Any CPU
		Release|Any CPU = Release|Any CPU
	EndGlobalSection
	GlobalSection(ProjectConfigurationPlatforms) = postSolution
		{F903DF83-5A88-4F02-A1E1-4E40E27235C6}.Debug|Any CPU.ActiveCfg = Debug|Any CPU
		{F903DF83-5A88-4F02-A1E1-4E40E27235C6}.Debug|Any CPU.Build.0 = Debug|Any CPU
		{F903DF83-5A88-4F02-A1E1-4E40E27235C6}.Release|Any CPU.ActiveCfg = Release|Any CPU
		{F903DF83-5A88-4F02-A1E1-4E40E27235C6}.Release|Any CPU.Build.0 = Release|Any CPU
	EndGlobalSection
	GlobalSection(SolutionProperties) = preSolution
		HideSolutionNode = FALSE
	EndGlobalSection
	GlobalSection(ExtensibilityGlobals) = postSolution
		SolutionGuid = {CCE695E3-79EE-4F75-AA4E-C178C02E17A6}
	EndGlobalSection
EndGlobal
